// !$*UTF8*$!
{
	archiveVersion = 1;
	classes = {
	};
	objectVersion = 46;
	objects = {

/* Begin PBXBuildFile section */
		299A23F21BD9CA2C002404AA /* main.m in Sources */ = {isa = PBXBuildFile; fileRef = 299A23F11BD9CA2C002404AA /* main.m */; };
		299A23FA1BD9E128002404AA /* Lawyer.m in Sources */ = {isa = PBXBuildFile; fileRef = 299A23F91BD9E128002404AA /* Lawyer.m */; settings = {ASSET_TAGS = (); }; };
		299A23FD1BD9E12E002404AA /* Practice.m in Sources */ = {isa = PBXBuildFile; fileRef = 299A23FC1BD9E12E002404AA /* Practice.m */; settings = {ASSET_TAGS = (); }; };
		299A24001BD9E7AE002404AA /* Client.m in Sources */ = {isa = PBXBuildFile; fileRef = 299A23FF1BD9E7AE002404AA /* Client.m */; settings = {ASSET_TAGS = (); }; };
		299A24031BD9E86F002404AA /* Associate.m in Sources */ = {isa = PBXBuildFile; fileRef = 299A24021BD9E86F002404AA /* Associate.m */; settings = {ASSET_TAGS = (); }; };
/* End PBXBuildFile section */

/* Begin PBXCopyFilesBuildPhase section */
		299A23EC1BD9CA2C002404AA /* CopyFiles */ = {
			isa = PBXCopyFilesBuildPhase;
			buildActionMask = 2147483647;
			dstPath = /usr/share/man/man1/;
			dstSubfolderSpec = 0;
			files = (
			);
			runOnlyForDeploymentPostprocessing = 1;
		};
/* End PBXCopyFilesBuildPhase section */

/* Begin PBXFileReference section */
		299A23EE1BD9CA2C002404AA /* LawyerUp */ = {isa = PBXFileReference; explicitFileType = "compiled.mach-o.executable"; includeInIndex = 0; path = LawyerUp; sourceTree = BUILT_PRODUCTS_DIR; };
		299A23F11BD9CA2C002404AA /* main.m */ = {isa = PBXFileReference; lastKnownFileType = sourcecode.c.objc; path = main.m; sourceTree = "<group>"; };
		299A23F81BD9E128002404AA /* Lawyer.h */ = {isa = PBXFileReference; fileEncoding = 4; lastKnownFileType = sourcecode.c.h; path = Lawyer.h; sourceTree = "<group>"; };
		299A23F91BD9E128002404AA /* Lawyer.m */ = {isa = PBXFileReference; fileEncoding = 4; lastKnownFileType = sourcecode.c.objc; path = Lawyer.m; sourceTree = "<group>"; };
		299A23FB1BD9E12E002404AA /* Practice.h */ = {isa = PBXFileReference; fileEncoding = 4; lastKnownFileType = sourcecode.c.h; path = Practice.h; sourceTree = "<group>"; };
		299A23FC1BD9E12E002404AA /* Practice.m */ = {isa = PBXFileReference; fileEncoding = 4; lastKnownFileType = sourcecode.c.objc; path = Practice.m; sourceTree = "<group>"; };
		299A23FE1BD9E7AE002404AA /* Client.h */ = {isa = PBXFileReference; fileEncoding = 4; lastKnownFileType = sourcecode.c.h; path = Client.h; sourceTree = "<group>"; };
		299A23FF1BD9E7AE002404AA /* Client.m */ = {isa = PBXFileReference; fileEncoding = 4; lastKnownFileType = sourcecode.c.objc; path = Client.m; sourceTree = "<group>"; };
		299A24011BD9E86F002404AA /* Associate.h */ = {isa = PBXFileReference; fileEncoding = 4; lastKnownFileType = sourcecode.c.h; path = Associate.h; sourceTree = "<group>"; };
		299A24021BD9E86F002404AA /* Associate.m */ = {isa = PBXFileReference; fileEncoding = 4; lastKnownFileType = sourcecode.c.objc; path = Associate.m; sourceTree = "<group>"; };
/* End PBXFileReference section */

/* Begin PBXFrameworksBuildPhase section */
		299A23EB1BD9CA2C002404AA /* Frameworks */ = {
			isa = PBXFrameworksBuildPhase;
			buildActionMask = 2147483647;
			files = (
			);
			runOnlyForDeploymentPostprocessing = 0;
		};
/* End PBXFrameworksBuildPhase section */

/* Begin PBXGroup section */
		299A23E51BD9CA2C002404AA = {
			isa = PBXGroup;
			children = (
				299A23F01BD9CA2C002404AA /* LawyerUp */,
				299A23EF1BD9CA2C002404AA /* Products */,
			);
			sourceTree = "<group>";
		};
		299A23EF1BD9CA2C002404AA /* Products */ = {
			isa = PBXGroup;
			children = (
				299A23EE1BD9CA2C002404AA /* LawyerUp */,
			);
			name = Products;
			sourceTree = "<group>";
		};
		299A23F01BD9CA2C002404AA /* LawyerUp */ = {
			isa = PBXGroup;
			children = (
				299A23F11BD9CA2C002404AA /* main.m */,
				299A23F81BD9E128002404AA /* Lawyer.h */,
				299A23F91BD9E128002404AA /* Lawyer.m */,
				299A23FB1BD9E12E002404AA /* Practice.h */,
				299A23FC1BD9E12E002404AA /* Practice.m */,
				299A23FE1BD9E7AE002404AA /* Client.h */,
				299A23FF1BD9E7AE002404AA /* Client.m */,
				299A24011BD9E86F002404AA /* Associate.h */,
				299A24021BD9E86F002404AA /* Associate.m */,
			);
			path = LawyerUp;
			sourceTree = "<group>";
		};
/* End PBXGroup section */

/* Begin PBXNativeTarget section */
		299A23ED1BD9CA2C002404AA /* LawyerUp */ = {
			isa = PBXNativeTarget;
			buildConfigurationList = 299A23F51BD9CA2C002404AA /* Build configuration list for PBXNativeTarget "LawyerUp" */;
			buildPhases = (
				299A23EA1BD9CA2C002404AA /* Sources */,
				299A23EB1BD9CA2C002404AA /* Frameworks */,
				299A23EC1BD9CA2C002404AA /* CopyFiles */,
			);
			buildRules = (
			);
			dependencies = (
			);
			name = LawyerUp;
			productName = LawyerUp;
			productReference = 299A23EE1BD9CA2C002404AA /* LawyerUp */;
			productType = "com.apple.product-type.tool";
		};
/* End PBXNativeTarget section */

/* Begin PBXProject section */
		299A23E61BD9CA2C002404AA /* Project object */ = {
			isa = PBXProject;
			attributes = {
				LastUpgradeCheck = 0700;
				ORGANIZATIONNAME = "Samer Rohani";
				TargetAttributes = {
					299A23ED1BD9CA2C002404AA = {
						CreatedOnToolsVersion = 7.0.1;
					};
				};
			};
			buildConfigurationList = 299A23E91BD9CA2C002404AA /* Build configuration list for PBXProject "LawyerUp" */;
			compatibilityVersion = "Xcode 3.2";
			developmentRegion = English;
			hasScannedForEncodings = 0;
			knownRegions = (
				en,
			);
			mainGroup = 299A23E51BD9CA2C002404AA;
			productRefGroup = 299A23EF1BD9CA2C002404AA /* Products */;
			projectDirPath = "";
			projectRoot = "";
			targets = (
				299A23ED1BD9CA2C002404AA /* LawyerUp */,
			);
		};
/* End PBXProject section */

/* Begin PBXSourcesBuildPhase section */
		299A23EA1BD9CA2C002404AA /* Sources */ = {
			isa = PBXSourcesBuildPhase;
			buildActionMask = 2147483647;
			files = (
				299A23FD1BD9E12E002404AA /* Practice.m in Sources */,
				299A23F21BD9CA2C002404AA /* main.m in Sources */,
				299A24001BD9E7AE002404AA /* Client.m in Sources */,
				299A24031BD9E86F002404AA /* Associate.m in Sources */,
				299A23FA1BD9E128002404AA /* Lawyer.m in Sources */,
			);
			runOnlyForDeploymentPostprocessing = 0;
		};
/* End PBXSourcesBuildPhase section */

/* Begin XCBuildConfiguration section */
		299A23F31BD9CA2C002404AA /* Debug */ = {
			isa = XCBuildConfiguration;
			buildSettings = {
				ALWAYS_SEARCH_USER_PATHS = NO;
				CLANG_CXX_LANGUAGE_STANDARD = "gnu++0x";
				CLANG_CXX_LIBRARY = "libc++";
				CLANG_ENABLE_MODULES = YES;
				CLANG_ENABLE_OBJC_ARC = YES;
				CLANG_WARN_BOOL_CONVERSION = YES;
				CLANG_WARN_CONSTANT_CONVERSION = YES;
				CLANG_WARN_DIRECT_OBJC_ISA_USAGE = YES_ERROR;
				CLANG_WARN_EMPTY_BODY = YES;
				CLANG_WARN_ENUM_CONVERSION = YES;
				CLANG_WARN_INT_CONVERSION = YES;
				CLANG_WARN_OBJC_ROOT_CLASS = YES_ERROR;
				CLANG_WARN_UNREACHABLE_CODE = YES;
				CLANG_WARN__DUPLICATE_METHOD_MATCH = YES;
				COPY_PHASE_STRIP = NO;
				DEBUG_INFORMATION_FORMAT = dwarf;
				ENABLE_STRICT_OBJC_MSGSEND = YES;
				ENABLE_TESTABILITY = YES;
				GCC_C_LANGUAGE_STANDARD = gnu99;
				GCC_DYNAMIC_NO_PIC = NO;
				GCC_NO_COMMON_BLOCKS = YES;
				GCC_OPTIMIZATION_LEVEL = 0;
				GCC_PREPROCESSOR_DEFINITIONS = (
					"DEBUG=1",
					"$(inherited)",
				);
				GCC_WARN_64_TO_32_BIT_CONVERSION = YES;
				GCC_WARN_ABOUT_RETURN_TYPE = YES_ERROR;
				GCC_WARN_UNDECLARED_SELECTOR = YES;
				GCC_WARN_UNINITIALIZED_AUTOS = YES_AGGRESSIVE;
				GCC_WARN_UNUSED_FUNCTION = YES;
				GCC_WARN_UNUSED_VARIABLE = YES;
				MACOSX_DEPLOYMENT_TARGET = 10.11;
				MTL_ENABLE_DEBUG_INFO = YES;
				ONLY_ACTIVE_ARCH = YES;
				SDKROOT = macosx;
			};
			name = Debug;
		};
		299A23F41BD9CA2C002404AA /* Release */ = {
			isa = XCBuildConfiguration;
			buildSettings = {
				ALWAYS_SEARCH_USER_PATHS = NO;
				CLANG_CXX_LANGUAGE_STANDARD = "gnu++0x";
				CLANG_CXX_LIBRARY = "libc++";
				CLANG_ENABLE_MODULES = YES;
				CLANG_ENABLE_OBJC_ARC = YES;
				CLANG_WARN_BOOL_CONVERSION = YES;
				CLANG_WARN_CONSTANT_CONVERSION = YES;
				CLANG_WARN_DIRECT_OBJC_ISA_USAGE = YES_ERROR;
				CLANG_WARN_EMPTY_BODY = YES;
				CLANG_WARN_ENUM_CONVERSION = YES;
				CLANG_WARN_INT_CONVERSION = YES;
				CLANG_WARN_OBJC_ROOT_CLASS = YES_ERROR;
				CLANG_WARN_UNREACHABLE_CODE = YES;
				CLANG_WARN__DUPLICATE_METHOD_MATCH = YES;
				COPY_PHASE_STRIP = NO;
				DEBUG_INFORMATION_FORMAT = "dwarf-with-dsym";
				ENABLE_NS_ASSERTIONS = NO;
				ENABLE_STRICT_OBJC_MSGSEND = YES;
				GCC_C_LANGUAGE_STANDARD = gnu99;
				GCC_NO_COMMON_BLOCKS = YES;
				GCC_WARN_64_TO_32_BIT_CONVERSION = YES;
				GCC_WARN_ABOUT_RETURN_TYPE = YES_ERROR;
				GCC_WARN_UNDECLARED_SELECTOR = YES;
				GCC_WARN_UNINITIALIZED_AUTOS = YES_AGGRESSIVE;
				GCC_WARN_UNUSED_FUNCTION = YES;
				GCC_WARN_UNUSED_VARIABLE = YES;
				MACOSX_DEPLOYMENT_TARGET = 10.11;
				MTL_ENABLE_DEBUG_INFO = NO;
				SDKROOT = macosx;
			};
			name = Release;
		};
		299A23F61BD9CA2C002404AA /* Debug */ = {
			isa = XCBuildConfiguration;
			buildSettings = {
				PRODUCT_NAME = "$(TARGET_NAME)";
			};
			name = Debug;
		};
		299A23F71BD9CA2C002404AA /* Release */ = {
			isa = XCBuildConfiguration;
			buildSettings = {
				PRODUCT_NAME = "$(TARGET_NAME)";
			};
			name = Release;
		};
/* End XCBuildConfiguration section */

/* Begin XCConfigurationList section */
		299A23E91BD9CA2C002404AA /* Build configuration list for PBXProject "LawyerUp" */ = {
			isa = XCConfigurationList;
			buildConfigurations = (
				299A23F31BD9CA2C002404AA /* Debug */,
				299A23F41BD9CA2C002404AA /* Release */,
			);
			defaultConfigurationIsVisible = 0;
			defaultConfigurationName = Release;
		};
		299A23F51BD9CA2C002404AA /* Build configuration list for PBXNativeTarget "LawyerUp" */ = {
			isa = XCConfigurationList;
			buildConfigurations = (
				299A23F61BD9CA2C002404AA /* Debug */,
				299A23F71BD9CA2C002404AA /* Release */,
			);
			defaultConfigurationIsVisible = 0;
		};
/* End XCConfigurationList section */
	};
	rootObject = 299A23E61BD9CA2C002404AA /* Project object */;
}
